
Microsoft Visual Studio Solution File, Format Version 12.00
# Visual Studio 2012
Project("{FAE04EC0-301F-11D3-BF4B-00C04F79EFBC}") = "mylineups", "mylineups\mylineups.csproj", "{94E64F46-E909-4CA9-86E8-511F7B8D669A}"
EndProject
Global
	GlobalSection(SolutionConfigurationPlatforms) = preSolution
		Debug|Any CPU = Debug|Any CPU
		Release|Any CPU = Release|Any CPU
	EndGlobalSection
	GlobalSection(ProjectConfigurationPlatforms) = postSolution
		{94E64F46-E909-4CA9-86E8-511F7B8D669A}.Debug|Any CPU.ActiveCfg = Debug|Any CPU
		{94E64F46-E909-4CA9-86E8-511F7B8D669A}.Debug|Any CPU.Build.0 = Debug|Any CPU
		{94E64F46-E909-4CA9-86E8-511F7B8D669A}.Release|Any CPU.ActiveCfg = Release|Any CPU
		{94E64F46-E909-4CA9-86E8-511F7B8D669A}.Release|Any CPU.Build.0 = Release|Any CPU
	EndGlobalSection
EndGlobal
